
Microsoft Visual Studio Solution File, Format Version 12.00
# Visual Studio Version 16
VisualStudioVersion = 16.0.30804.86
MinimumVisualStudioVersion = 10.0.40219.1
Project("{8BC9CEB8-8B4A-11D0-8D11-00A0C91BC942}") = "CompressionAPI", "CompressionAPI\CompressionAPI.vcxproj", "{AEBE869A-2497-4169-B6C1-5A9A2393B2A1}"
EndProject
Global
	GlobalSection(SolutionConfigurationPlatforms) = preSolution
		Debug|x64 = Debug|x64
		Debug|x86 = Debug|x86
		Release|x64 = Release|x64
		Release|x86 = Release|x86
	EndGlobalSection
	GlobalSection(ProjectConfigurationPlatforms) = postSolution
		{AEBE869A-2497-4169-B6C1-5A9A2393B2A1}.Debug|x64.ActiveCfg = Debug|x64
		{AEBE869A-2497-4169-B6C1-5A9A2393B2A1}.Debug|x64.Build.0 = Debug|x64
		{AEBE869A-2497-4169-B6C1-5A9A2393B2A1}.Debug|x86.ActiveCfg = Debug|Win32
		{AEBE869A-2497-4169-B6C1-5A9A2393B2A1}.Debug|x86.Build.0 = Debug|Win32
		{AEBE869A-2497-4169-B6C1-5A9A2393B2A1}.Release|x64.ActiveCfg = Release|x64
		{AEBE869A-2497-4169-B6C1-5A9A2393B2A1}.Release|x64.Build.0 = Release|x64
		{AEBE869A-2497-4169-B6C1-5A9A2393B2A1}.Release|x86.ActiveCfg = Release|Win32
		{AEBE869A-2497-4169-B6C1-5A9A2393B2A1}.Release|x86.Build.0 = Release|Win32
	EndGlobalSection
	GlobalSection(SolutionProperties) = preSolution
		HideSolutionNode = FALSE
	EndGlobalSection
	GlobalSection(ExtensibilityGlobals) = postSolution
		SolutionGuid = {B924A92E-F142-49B9-93E6-8D2512AF6750}
	EndGlobalSection
EndGlobal
