
Microsoft Visual Studio Solution File, Format Version 12.00
# Visual Studio Version 16
VisualStudioVersion = 16.0.31624.102
MinimumVisualStudioVersion = 10.0.40219.1
Project("{8BC9CEB8-8B4A-11D0-8D11-00A0C91BC942}") = "AntiDump", "AntiDump\AntiDump.vcxproj", "{BCDB9720-3E0E-4C55-95F2-F9013E3FA992}"
EndProject
Global
	GlobalSection(SolutionConfigurationPlatforms) = preSolution
		Debug|x64 = Debug|x64
		Debug|x86 = Debug|x86
		Release|x64 = Release|x64
		Release|x86 = Release|x86
	EndGlobalSection
	GlobalSection(ProjectConfigurationPlatforms) = postSolution
		{BCDB9720-3E0E-4C55-95F2-F9013E3FA992}.Debug|x64.ActiveCfg = Debug|x64
		{BCDB9720-3E0E-4C55-95F2-F9013E3FA992}.Debug|x64.Build.0 = Debug|x64
		{BCDB9720-3E0E-4C55-95F2-F9013E3FA992}.Debug|x86.ActiveCfg = Debug|Win32
		{BCDB9720-3E0E-4C55-95F2-F9013E3FA992}.Debug|x86.Build.0 = Debug|Win32
		{BCDB9720-3E0E-4C55-95F2-F9013E3FA992}.Release|x64.ActiveCfg = Release|x64
		{BCDB9720-3E0E-4C55-95F2-F9013E3FA992}.Release|x64.Build.0 = Release|x64
		{BCDB9720-3E0E-4C55-95F2-F9013E3FA992}.Release|x86.ActiveCfg = Release|Win32
		{BCDB9720-3E0E-4C55-95F2-F9013E3FA992}.Release|x86.Build.0 = Release|Win32
	EndGlobalSection
	GlobalSection(SolutionProperties) = preSolution
		HideSolutionNode = FALSE
	EndGlobalSection
	GlobalSection(ExtensibilityGlobals) = postSolution
		SolutionGuid = {5A1CC99F-9BC7-4687-96D8-75DA5B543A12}
	EndGlobalSection
EndGlobal
