<?xml version="1.0" encoding="utf-8"?>
<Project ToolsVersion="4.0" xmlns="http://schemas.microsoft.com/developer/msbuild/2003">
  <ItemGroup>
    <Filter Include="Source Files">
      <UniqueIdentifier>{4FC737F1-C7A5-4376-A066-2A32D752A2FF}</UniqueIdentifier>
      <Extensions>cpp;c;cc;cxx;c++;cppm;ixx;def;odl;idl;hpj;bat;asm;asmx</Extensions>
    </Filter>
    <Filter Include="Header Files">
      <UniqueIdentifier>{93995380-89BD-4b04-88EB-625FBE52EBFB}</UniqueIdentifier>
      <Extensions>h;hh;hpp;hxx;h++;hm;inl;inc;ipp;xsd</Extensions>
    </Filter>
    <Filter Include="Resource Files">
      <UniqueIdentifier>{67DA6AB6-F800-4c08-8B7A-83BB121AAD01}</UniqueIdentifier>
      <Extensions>rc;ico;cur;bmp;dlg;rc2;rct;bin;rgs;gif;jpg;jpeg;jpe;resx;tiff;tif;png;wav;mfcribbon-ms</Extensions>
    </Filter>
    <Filter Include="Source Files\CheckSystem">
      <UniqueIdentifier>{f6a1558f-1b31-4f48-b7dd-6e8a0aff901a}</UniqueIdentifier>
    </Filter>
    <Filter Include="Source Files\BypassUac">
      <UniqueIdentifier>{a9dbd1c8-e5bc-4034-805d-fb6b44c67ed6}</UniqueIdentifier>
    </Filter>
    <Filter Include="Source Files\GetSystem">
      <UniqueIdentifier>{79c7dc60-6ac2-4a38-a2da-43267c157198}</UniqueIdentifier>
    </Filter>
    <Filter Include="Source Files\Tools">
      <UniqueIdentifier>{d2c23d05-e96c-429d-b9ce-9c72fe4d428d}</UniqueIdentifier>
    </Filter>
  </ItemGroup>
  <ItemGroup>
    <ClCompile Include="main.c">
      <Filter>Source Files</Filter>
    </ClCompile>
    <ClCompile Include="CheckSystem.c">
      <Filter>Source Files\CheckSystem</Filter>
    </ClCompile>
    <ClCompile Include="BypassUac.c">
      <Filter>Source Files\BypassUac</Filter>
    </ClCompile>
    <ClCompile Include="GetSystem.c">
      <Filter>Source Files\GetSystem</Filter>
    </ClCompile>
    <ClCompile Include="Tools.c">
      <Filter>Source Files\Tools</Filter>
    </ClCompile>
  </ItemGroup>
  <ItemGroup>
    <ClInclude Include="CheckSystem.h">
      <Filter>Source Files\CheckSystem</Filter>
    </ClInclude>
    <ClInclude Include="BypassUac.h">
      <Filter>Source Files\BypassUac</Filter>
    </ClInclude>
    <ClInclude Include="GetSystem.h">
      <Filter>Source Files\GetSystem</Filter>
    </ClInclude>
    <ClInclude Include="Tools.h">
      <Filter>Source Files\Tools</Filter>
    </ClInclude>
  </ItemGroup>
</Project>